{
  "nodes": {
    "emacs-overlay": {
      "inputs": {
        "flake-utils": "flake-utils",
        "nixpkgs": "nixpkgs",
        "nixpkgs-stable": "nixpkgs-stable"
      },
      "locked": {
        "lastModified": 1690865132,
        "narHash": "sha256-9sSe66mcbfCEzyOpcRDqBxojb18iQez/fKi2hUPs1dk=",
        "owner": "nix-community",
        "repo": "emacs-overlay",
        "rev": "613eb3bdb2a6579fd13895daf890470190d4bb9b",
        "type": "github"
      },
      "original": {
        "owner": "nix-community",
        "repo": "emacs-overlay",
        "type": "github"
      }
    },
    "flake-utils": {
      "inputs": {
        "systems": "systems"
      },
      "locked": {
        "lastModified": 1689068808,
        "narHash": "sha256-6ixXo3wt24N/melDWjq70UuHQLxGV8jZvooRanIHXw0=",
        "owner": "numtide",
        "repo": "flake-utils",
        "rev": "919d646de7be200f3bf08cb76ae1f09402b6f9b4",
        "type": "github"
      },
      "original": {
        "owner": "numtide",
        "repo": "flake-utils",
        "type": "github"
      }
    },
    "home-manager": {
      "inputs": {
        "nixpkgs": [
          "nixpkgs"
        ]
      },
      "locked": {
        "lastModified": 1690846837,
        "narHash": "sha256-ZZ8YPOEdZG0zz61U4sfUAx28oEdqLdtG1iWTTH/98uc=",
        "owner": "nix-community",
        "repo": "home-manager",
        "rev": "4fd794d3df88735dcf9662155d77b08a2e2dde29",
        "type": "github"
      },
      "original": {
        "owner": "nix-community",
        "repo": "home-manager",
        "type": "github"
      }
    },
    "nixpkgs": {
      "locked": {
        "lastModified": 1690789960,
        "narHash": "sha256-3K+2HuyGTiJUSZNJxXXvc0qj4xFx1FHC/ItYtEa7/Xs=",
        "owner": "NixOS",
        "repo": "nixpkgs",
        "rev": "fb942492b7accdee4e6d17f5447091c65897dde4",
        "type": "github"
      },
      "original": {
        "owner": "NixOS",
        "ref": "nixos-unstable",
        "repo": "nixpkgs",
        "type": "github"
      }
    },
    "nixpkgs-stable": {
      "locked": {
        "lastModified": 1690726002,
        "narHash": "sha256-cACz6jCJZtsZHGCJAN4vMobxzH5s6FCOTZHMrh/Hu0M=",
        "owner": "NixOS",
        "repo": "nixpkgs",
        "rev": "391e8db1f06c3f74c2d313a73135515023af3993",
        "type": "github"
      },
      "original": {
        "owner": "NixOS",
        "ref": "nixos-23.05",
        "repo": "nixpkgs",
        "type": "github"
      }
    },
    "nixpkgs_2": {
      "locked": {
        "lastModified": 1690789960,
        "narHash": "sha256-3K+2HuyGTiJUSZNJxXXvc0qj4xFx1FHC/ItYtEa7/Xs=",
        "owner": "nixos",
        "repo": "nixpkgs",
        "rev": "fb942492b7accdee4e6d17f5447091c65897dde4",
        "type": "github"
      },
      "original": {
        "owner": "nixos",
        "ref": "nixos-unstable",
        "repo": "nixpkgs",
        "type": "github"
      }
    },
    "root": {
      "inputs": {
        "emacs-overlay": "emacs-overlay",
        "home-manager": "home-manager",
        "nixpkgs": "nixpkgs_2"
      }
    },
    "systems": {
      "locked": {
        "lastModified": 1681028828,
        "narHash": "sha256-Vy1rq5AaRuLzOxct8nz4T6wlgyUR7zLU309k9mBC768=",
        "owner": "nix-systems",
        "repo": "default",
        "rev": "da67096a3b9bf56a91d16901293e51ba5b49a27e",
        "type": "github"
      },
      "original": {
        "owner": "nix-systems",
        "repo": "default",
        "type": "github"
      }
    }
  },
  "root": "root",
  "version": 7
}
